# THIS IS AN AUTOGENERATED FILE. DO NOT EDIT THIS FILE DIRECTLY.
# yarn lockfile v1


"@bower_components/ace-builds@ajaxorg/ace-builds#*", ace-builds@ajaxorg/ace-builds#*:
  version "1.4.4"
  resolved "https://codeload.github.com/ajaxorg/ace-builds/tar.gz/5fe4368221f48b114387c2e7d67c9cd904ec30a2"

"@bower_components/angular-animate@angular/bower-angular-animate#1.4 - 1.7.0 || ^1.7.2", "angular-animate@angular/bower-angular-animate#1.4 - 1.7.0 || ^1.7.2":
  version "1.7.8"
  resolved "https://codeload.github.com/angular/bower-angular-animate/tar.gz/1e182b37089bf7f9bb1993a25e00475cb028d4ad"

"@bower_components/angular-aria@angular/bower-angular-aria#1.4 - 1.7.0 || ^1.7.2", "angular-aria@angular/bower-angular-aria#1.4 - 1.7.0 || ^1.7.2":
  version "1.7.8"
  resolved "https://codeload.github.com/angular/bower-angular-aria/tar.gz/bf2348e7645347a160681d442a538f25ada0d307"

"@bower_components/angular-cookies@angular/bower-angular-cookies#*", angular-cookies@angular/bower-angular-cookies#*:
  version "1.7.8"
  resolved "https://codeload.github.com/angular/bower-angular-cookies/tar.gz/2fb912dc7077e7172b4192e8ac05e7e6632b7da6"

"@bower_components/angular-material-icons@klarsys/angular-material-icons#*", angular-material-icons@klarsys/angular-material-icons#*:
  version "0.7.1"
  resolved "https://codeload.github.com/klarsys/angular-material-icons/tar.gz/ccca7a83c11971e30042bdf560749fcc4378b2c3"
  dependencies:
    angular ">=1.3.0"

"@bower_components/angular-material@angular/bower-material#~1.1.3", angular-material@angular/bower-material#~1.1.3:
  version "1.1.18"
  resolved "https://codeload.github.com/angular/bower-material/tar.gz/5ccf840c53915f22efa410e135b348bf63b8d4c5"

"@bower_components/angular-messages@angular/bower-angular-messages#1.4 - 1.7.0 || ^1.7.2", "angular-messages@angular/bower-angular-messages#1.4 - 1.7.0 || ^1.7.2":
  version "1.7.8"
  resolved "https://codeload.github.com/angular/bower-angular-messages/tar.gz/e135ce90dc48c33298388b0c633246cc8db8892e"

"@bower_components/angular-resource@angular/bower-angular-resource#*", angular-resource@angular/bower-angular-resource#*:
  version "1.7.8"
  resolved "https://codeload.github.com/angular/bower-angular-resource/tar.gz/9f76caf807fa52011d77b96205b283212b6b1755"

"@bower_components/angular@angular/bower-angular#1.7.7", angular@angular/bower-angular#1.7.7:
  version "1.7.7"
  resolved "https://codeload.github.com/angular/bower-angular/tar.gz/b333e148cf509428fd54f53c41710c4e8cf1ac2b"

"@bower_components/blueimp-canvas-to-blob@blueimp/JavaScript-Canvas-to-Blob#>=2.1.1", blueimp-canvas-to-blob@blueimp/JavaScript-Canvas-to-Blob#>=2.1.1:
  version "3.14.0"
  resolved "https://codeload.github.com/blueimp/JavaScript-Canvas-to-Blob/tar.gz/9f3deb2e710d39c72a988559609d9dc9a319de0b"

"@bower_components/blueimp-load-image@blueimp/JavaScript-Load-Image#>=1.13.0", blueimp-load-image@blueimp/JavaScript-Load-Image#>=1.13.0:
  version "2.21.0"
  resolved "https://codeload.github.com/blueimp/JavaScript-Load-Image/tar.gz/e9a4fc2f0e8019ded69178c5b74d090cc6d8051c"

"@bower_components/blueimp-tmpl@blueimp/JavaScript-Templates#>=2.5.4", blueimp-tmpl@blueimp/JavaScript-Templates#>=2.5.4:
  version "3.11.0"
  resolved "https://codeload.github.com/blueimp/JavaScript-Templates/tar.gz/da7647cb93fff2030e73a701db22c66de76a9919"

"@bower_components/bootstrap-css@jozefizso/bower-bootstrap-css#2.3.2", bower-bootstrap-css@jozefizso/bower-bootstrap-css#2.3.2:
  version "0.0.0"
  resolved "https://codeload.github.com/jozefizso/bower-bootstrap-css/tar.gz/3ca4d051f9d391d56641f7f30c6c936f39944910"

"@bower_components/datatables.net@DataTables/Dist-DataTables#*", datatables.net@DataTables/Dist-DataTables#*:
  version "1.10.19"
  resolved "https://codeload.github.com/DataTables/Dist-DataTables/tar.gz/ef746740676545d39555f1140703a5c6d5570b31"
  dependencies:
    jquery ">=1.7"

"@bower_components/github-markdown-css@sindresorhus/github-markdown-css#*", github-markdown-css@sindresorhus/github-markdown-css#*:
  version "3.0.1"
  resolved "https://codeload.github.com/sindresorhus/github-markdown-css/tar.gz/6616212a2a469d1c1a127d793788dc440c7e3197"

"@bower_components/jquery-autocomplete@trendalytics/bower-jquery-autocomplete#*", bower-jquery-autocomplete@trendalytics/bower-jquery-autocomplete#*:
  version "0.0.0"
  resolved "https://codeload.github.com/trendalytics/bower-jquery-autocomplete/tar.gz/3b15c5cecd66222905db21de07494044d5cdd427"

"@bower_components/jquery-cookie@carhartl/jquery-cookie#*", jquery.cookie@carhartl/jquery-cookie#*:
  version "1.4.1"
  resolved "https://codeload.github.com/carhartl/jquery-cookie/tar.gz/7f88a4e631aba8a8c688fd8999ce6b9bcfd50718"

"@bower_components/jquery-file-upload@blueimp/jQuery-File-Upload#*", blueimp-file-upload@blueimp/jQuery-File-Upload#*:
  version "9.30.0"
  resolved "https://codeload.github.com/blueimp/jQuery-File-Upload/tar.gz/4586771d65482dc9678c7e48d245a1501bf96ff5"
  optionalDependencies:
    blueimp-canvas-to-blob "3.5.0"
    blueimp-load-image "2.12.2"
    blueimp-tmpl "3.6.0"

"@bower_components/jquery-ui@components/jqueryui#*", components-jqueryui@components/jqueryui#*:
  version "1.12.1"
  resolved "https://codeload.github.com/components/jqueryui/tar.gz/44ecf3794cc56b65954cc19737234a3119d036cc"

"@bower_components/jquery-ujs@rails/jquery-ujs#*", jquery-ujs@rails/jquery-ujs#*:
  version "1.2.2"
  resolved "https://codeload.github.com/rails/jquery-ujs/tar.gz/a4da3b4909b2ca081de3c6f99064403623bfe1fb"
  dependencies:
    jquery ">=1.8.0"

"@bower_components/jquery@jquery/jquery-dist#>=1.6", jquery@jquery/jquery-dist#>=1.6:
  version "3.4.1"
  resolved "https://codeload.github.com/jquery/jquery-dist/tar.gz/15bc73803f76bc53b654b9fdbbbc096f56d7c03d"

"@bower_components/lodash@lodash/lodash#*", lodash@lodash/lodash#*:
  version "4.17.11"
  resolved "https://codeload.github.com/lodash/lodash/tar.gz/0843bd46ef805dd03c0c8d804630804f3ba0ca3c"

"@bower_components/markdown-it@markdown-it/markdown-it#*", markdown-it@markdown-it/markdown-it#*:
  version "8.4.2"
  resolved "https://codeload.github.com/markdown-it/markdown-it/tar.gz/2c02e3e2371f57fc09ba24229eb35f7f9400fad3"
  dependencies:
    argparse "^1.0.7"
    entities "~1.1.1"
    linkify-it "^2.0.0"
    mdurl "^1.0.1"
    uc.micro "^1.0.5"

"@bower_components/should@shouldjs/should.js#*", should@shouldjs/should.js#*:
  version "13.2.1"
  resolved "https://codeload.github.com/shouldjs/should.js/tar.gz/9748ae607f80fbf544d4bb67db8e1e014de2301f"
  dependencies:
    should-equal "^2.0.0"
    should-format "^3.0.3"
    should-type "^1.4.0"
    should-type-adaptors "^1.0.1"
    should-util "^1.0.0"

"@bower_components/underscore@jashkenas/underscore#*", underscore@jashkenas/underscore#*:
  version "1.9.1"
  resolved "https://codeload.github.com/jashkenas/underscore/tar.gz/ae037f7c41323807ae6f1533c45512e6d31a1574"

angular@>=1.3.0:
  version "1.7.8"
  resolved "https://registry.yarnpkg.com/angular/-/angular-1.7.8.tgz#b77ede272ce1b261e3be30c1451a0b346905a3c9"

argparse@^1.0.7:
  version "1.0.10"
  resolved "https://registry.yarnpkg.com/argparse/-/argparse-1.0.10.tgz#bcd6791ea5ae09725e17e5ad988134cd40b3d911"
  dependencies:
    sprintf-js "~1.0.2"

blueimp-canvas-to-blob@3.5.0:
  version "3.5.0"
  resolved "https://registry.yarnpkg.com/blueimp-canvas-to-blob/-/blueimp-canvas-to-blob-3.5.0.tgz#5679ac32f6a2835821f0c3ad661719ff85a9236b"

blueimp-load-image@2.12.2:
  version "2.12.2"
  resolved "https://registry.yarnpkg.com/blueimp-load-image/-/blueimp-load-image-2.12.2.tgz#6a17598aab858d4fbf01543e0631141b51057c87"

blueimp-tmpl@3.6.0:
  version "3.6.0"
  resolved "https://registry.yarnpkg.com/blueimp-tmpl/-/blueimp-tmpl-3.6.0.tgz#a4910975d042e2bc03ba77f0e62d04f1548a524c"

entities@~1.1.1:
  version "1.1.2"
  resolved "https://registry.yarnpkg.com/entities/-/entities-1.1.2.tgz#bdfa735299664dfafd34529ed4f8522a275fea56"

jquery@>=1.7, jquery@>=1.8.0:
  version "3.4.1"
  resolved "https://registry.yarnpkg.com/jquery/-/jquery-3.4.1.tgz#714f1f8d9dde4bdfa55764ba37ef214630d80ef2"

linkify-it@^2.0.0:
  version "2.1.0"
  resolved "https://registry.yarnpkg.com/linkify-it/-/linkify-it-2.1.0.tgz#c4caf38a6cd7ac2212ef3c7d2bde30a91561f9db"
  dependencies:
    uc.micro "^1.0.1"

mdurl@^1.0.1:
  version "1.0.1"
  resolved "https://registry.yarnpkg.com/mdurl/-/mdurl-1.0.1.tgz#fe85b2ec75a59037f2adfec100fd6c601761152e"

should-equal@^2.0.0:
  version "2.0.0"
  resolved "https://registry.yarnpkg.com/should-equal/-/should-equal-2.0.0.tgz#6072cf83047360867e68e98b09d71143d04ee0c3"
  dependencies:
    should-type "^1.4.0"

should-format@^3.0.3:
  version "3.0.3"
  resolved "https://registry.yarnpkg.com/should-format/-/should-format-3.0.3.tgz#9bfc8f74fa39205c53d38c34d717303e277124f1"
  dependencies:
    should-type "^1.3.0"
    should-type-adaptors "^1.0.1"

should-type-adaptors@^1.0.1:
  version "1.1.0"
  resolved "https://registry.yarnpkg.com/should-type-adaptors/-/should-type-adaptors-1.1.0.tgz#401e7f33b5533033944d5cd8bf2b65027792e27a"
  dependencies:
    should-type "^1.3.0"
    should-util "^1.0.0"

should-type@^1.3.0, should-type@^1.4.0:
  version "1.4.0"
  resolved "https://registry.yarnpkg.com/should-type/-/should-type-1.4.0.tgz#0756d8ce846dfd09843a6947719dfa0d4cff5cf3"

should-util@^1.0.0:
  version "1.0.0"
  resolved "https://registry.yarnpkg.com/should-util/-/should-util-1.0.0.tgz#c98cda374aa6b190df8ba87c9889c2b4db620063"

sprintf-js@~1.0.2:
  version "1.0.3"
  resolved "https://registry.yarnpkg.com/sprintf-js/-/sprintf-js-1.0.3.tgz#04e6926f662895354f3dd015203633b857297e2c"

uc.micro@^1.0.1, uc.micro@^1.0.5:
  version "1.0.6"
  resolved "https://registry.yarnpkg.com/uc.micro/-/uc.micro-1.0.6.tgz#9c411a802a409a91fc6cf74081baba34b24499ac"
