# THIS IS AN AUTOGENERATED FILE. DO NOT EDIT THIS FILE DIRECTLY.
# yarn lockfile v1


"@bower_components/ace-builds@ajaxorg/ace-builds#*":
  version "1.4.12"
  resolved "https://codeload.github.com/ajaxorg/ace-builds/tar.gz/53be42342df216d2d25dc60a12dfcb263c6f0592"

"@bower_components/angular-animate@angular/bower-angular-animate#1.4 - 1.7.0 || ^1.7.2":
  version "1.8.0"
  resolved "https://codeload.github.com/angular/bower-angular-animate/tar.gz/46af7b34833b6c35e4358bd1d041b3eec5a9e993"

"@bower_components/angular-aria@angular/bower-angular-aria#1.4 - 1.7.0 || ^1.7.2":
  version "1.8.0"
  resolved "https://codeload.github.com/angular/bower-angular-aria/tar.gz/33c5ce97493ab6dfd9604e30077016b84e276a42"

"@bower_components/angular-cookies@angular/bower-angular-cookies#*":
  version "1.8.0"
  resolved "https://codeload.github.com/angular/bower-angular-cookies/tar.gz/df92365757e23897749a4ebda4a2382c3618f66d"

"@bower_components/angular-material-icons@klarsys/angular-material-icons#*":
  version "0.7.1"
  resolved "https://codeload.github.com/klarsys/angular-material-icons/tar.gz/ccca7a83c11971e30042bdf560749fcc4378b2c3"
  dependencies:
    angular ">=1.3.0"

"@bower_components/angular-material@angular/bower-material#~1.1.3":
  version "1.1.26"
  resolved "https://codeload.github.com/angular/bower-material/tar.gz/df1bacec41ea69d9c9ad082005a3fbfae049d70b"

"@bower_components/angular-messages@angular/bower-angular-messages#1.4 - 1.7.0 || ^1.7.2":
  version "1.8.0"
  resolved "https://codeload.github.com/angular/bower-angular-messages/tar.gz/f332ef70e123e2444920b6642b762a83a602721d"

"@bower_components/angular-resource@angular/bower-angular-resource#*":
  version "1.8.0"
  resolved "https://codeload.github.com/angular/bower-angular-resource/tar.gz/d888ba579e08717526c1f5b9edce77b38fac8b09"

"@bower_components/angular@angular/bower-angular#1.7.7":
  version "1.7.7"
  resolved "https://codeload.github.com/angular/bower-angular/tar.gz/b333e148cf509428fd54f53c41710c4e8cf1ac2b"

"@bower_components/blueimp-canvas-to-blob@blueimp/JavaScript-Canvas-to-Blob#>=2.1.1":
  version "3.28.0"
  resolved "https://codeload.github.com/blueimp/JavaScript-Canvas-to-Blob/tar.gz/e618f54e5be896042e5155b9126ebc90bbc55455"

"@bower_components/blueimp-load-image@blueimp/JavaScript-Load-Image#>=1.13.0":
  version "5.14.0"
  resolved "https://codeload.github.com/blueimp/JavaScript-Load-Image/tar.gz/cb5e5d0736101894d22ab1094f2fede402a89be0"

"@bower_components/blueimp-tmpl@blueimp/JavaScript-Templates#>=2.5.4":
  version "3.18.0"
  resolved "https://codeload.github.com/blueimp/JavaScript-Templates/tar.gz/3f23f552846fa14d3fd67147fa9d9004d41c2a4d"

"@bower_components/bootstrap-css@jozefizso/bower-bootstrap-css#2.3.2":
  version "0.0.0"
  resolved "https://codeload.github.com/jozefizso/bower-bootstrap-css/tar.gz/3ca4d051f9d391d56641f7f30c6c936f39944910"

"@bower_components/datatables.net@DataTables/Dist-DataTables#*":
  version "1.10.21"
  resolved "https://codeload.github.com/DataTables/Dist-DataTables/tar.gz/ea6e9fd58fb81979e535f933ece03ef282f59620"
  dependencies:
    jquery ">=1.7"

"@bower_components/github-markdown-css@sindresorhus/github-markdown-css#*":
  version "4.0.0"
  resolved "https://codeload.github.com/sindresorhus/github-markdown-css/tar.gz/1485dd78f5e744ef36e946e5ae44838e3906f9d8"

"@bower_components/jquery-autocomplete@trendalytics/bower-jquery-autocomplete#*":
  version "0.0.0"
  resolved "https://codeload.github.com/trendalytics/bower-jquery-autocomplete/tar.gz/3b15c5cecd66222905db21de07494044d5cdd427"

"@bower_components/jquery-cookie@carhartl/jquery-cookie#*":
  version "1.4.1"
  resolved "https://codeload.github.com/carhartl/jquery-cookie/tar.gz/7f88a4e631aba8a8c688fd8999ce6b9bcfd50718"

"@bower_components/jquery-file-upload@blueimp/jQuery-File-Upload#*":
  version "10.31.0"
  resolved "https://codeload.github.com/blueimp/jQuery-File-Upload/tar.gz/7e655a866677184412fe16a512c61c547a1e875c"
  optionalDependencies:
    blueimp-canvas-to-blob "3"
    blueimp-load-image "5"
    blueimp-tmpl "3"

"@bower_components/jquery-ui@components/jqueryui#*":
  version "1.12.1"
  resolved "https://codeload.github.com/components/jqueryui/tar.gz/44ecf3794cc56b65954cc19737234a3119d036cc"

"@bower_components/jquery-ujs@rails/jquery-ujs#*":
  version "1.2.2"
  resolved "https://codeload.github.com/rails/jquery-ujs/tar.gz/a4da3b4909b2ca081de3c6f99064403623bfe1fb"
  dependencies:
    jquery ">=1.8.0"

"@bower_components/jquery@jquery/jquery-dist#>=1.6":
  version "3.5.1"
  resolved "https://codeload.github.com/jquery/jquery-dist/tar.gz/4c0e4becb8263bb5b3e6dadc448d8e7305ef8215"

"@bower_components/lodash@lodash/lodash#*":
  version "4.17.20"
  resolved "https://codeload.github.com/lodash/lodash/tar.gz/ded9bc66583ed0b4e3b7dc906206d40757b4a90a"

"@bower_components/markdown-it@markdown-it/markdown-it#*":
  version "11.0.0"
  resolved "https://codeload.github.com/markdown-it/markdown-it/tar.gz/1093e68e51c9b3104289c3cfbaffbb1fa4039d59"
  dependencies:
    argparse "^1.0.7"
    entities "~2.0.0"
    linkify-it "^3.0.1"
    mdurl "^1.0.1"
    uc.micro "^1.0.5"

"@bower_components/should@shouldjs/should.js#*":
  version "13.2.3"
  resolved "https://codeload.github.com/shouldjs/should.js/tar.gz/38910f74a4e70f9f66b109241a41a2b3e7468fdf"
  dependencies:
    should-equal "^2.0.0"
    should-format "^3.0.3"
    should-type "^1.4.0"
    should-type-adaptors "^1.0.1"
    should-util "^1.0.0"

"@bower_components/underscore@jashkenas/underscore#*":
  version "1.11.0"
  resolved "https://codeload.github.com/jashkenas/underscore/tar.gz/7ee13c8a470e1a1c6bd6d5f3fee29e92d40b6c17"

angular@>=1.3.0:
  version "1.8.0"
  resolved "https://registry.yarnpkg.com/angular/-/angular-1.8.0.tgz#b1ec179887869215cab6dfd0df2e42caa65b1b51"
  integrity sha512-VdaMx+Qk0Skla7B5gw77a8hzlcOakwF8mjlW13DpIWIDlfqwAbSSLfd8N/qZnzEmQF4jC4iofInd3gE7vL8ZZg==

argparse@^1.0.7:
  version "1.0.10"
  resolved "https://registry.yarnpkg.com/argparse/-/argparse-1.0.10.tgz#bcd6791ea5ae09725e17e5ad988134cd40b3d911"
  integrity sha512-o5Roy6tNG4SL/FOkCAN6RzjiakZS25RLYFrcMttJqbdd8BWrnA+fGz57iN5Pb06pvBGvl5gQ0B48dJlslXvoTg==
  dependencies:
    sprintf-js "~1.0.2"

blueimp-canvas-to-blob@3:
  version "3.28.0"
  resolved "https://registry.yarnpkg.com/blueimp-canvas-to-blob/-/blueimp-canvas-to-blob-3.28.0.tgz#c8ab4dc6bb08774a7f273798cdf94b0776adf6c8"
  integrity sha512-5q+YHzgGsuHQ01iouGgJaPJXod2AzTxJXmVv90PpGrRxU7G7IqgPqWXz+PBmt3520jKKi6irWbNV87DicEa7wg==

blueimp-load-image@5:
  version "5.14.0"
  resolved "https://registry.yarnpkg.com/blueimp-load-image/-/blueimp-load-image-5.14.0.tgz#e8086415e580df802c33ff0da6b37a8d20205cc6"
  integrity sha512-g5l+4dCOESBG8HkPLdGnBx8dhEwpQHaOZ0en623sl54o3bGhGMLYGc54L5cWfGmPvfKUjbsY7LOAmcW/xlkBSA==

blueimp-tmpl@3:
  version "3.18.0"
  resolved "https://registry.yarnpkg.com/blueimp-tmpl/-/blueimp-tmpl-3.18.0.tgz#f778046f131d0e5858a839069bfc6519f027985e"
  integrity sha512-1DFtiOm/IRzHZtemQ6X3z7VXDcZ39xyq/inCE4r8lZSlT99TTIQ4SHmKTWX1DoBxL+e///qaB+ZD90my500jVQ==

entities@~2.0.0:
  version "2.0.3"
  resolved "https://registry.yarnpkg.com/entities/-/entities-2.0.3.tgz#5c487e5742ab93c15abb5da22759b8590ec03b7f"
  integrity sha512-MyoZ0jgnLvB2X3Lg5HqpFmn1kybDiIfEQmKzTb5apr51Rb+T3KdmMiqa70T+bhGnyv7bQ6WMj2QMHpGMmlrUYQ==

jquery@>=1.7, jquery@>=1.8.0:
  version "3.5.1"
  resolved "https://registry.yarnpkg.com/jquery/-/jquery-3.5.1.tgz#d7b4d08e1bfdb86ad2f1a3d039ea17304717abb5"
  integrity sha512-XwIBPqcMn57FxfT+Go5pzySnm4KWkT1Tv7gjrpT1srtf8Weynl6R273VJ5GjkRb51IzMp5nbaPjJXMWeju2MKg==

linkify-it@^3.0.1:
  version "3.0.2"
  resolved "https://registry.yarnpkg.com/linkify-it/-/linkify-it-3.0.2.tgz#f55eeb8bc1d3ae754049e124ab3bb56d97797fb8"
  integrity sha512-gDBO4aHNZS6coiZCKVhSNh43F9ioIL4JwRjLZPkoLIY4yZFwg264Y5lu2x6rb1Js42Gh6Yqm2f6L2AJcnkzinQ==
  dependencies:
    uc.micro "^1.0.1"

mdurl@^1.0.1:
  version "1.0.1"
  resolved "https://registry.yarnpkg.com/mdurl/-/mdurl-1.0.1.tgz#fe85b2ec75a59037f2adfec100fd6c601761152e"
  integrity sha1-/oWy7HWlkDfyrf7BAP1sYBdhFS4=

should-equal@^2.0.0:
  version "2.0.0"
  resolved "https://registry.yarnpkg.com/should-equal/-/should-equal-2.0.0.tgz#6072cf83047360867e68e98b09d71143d04ee0c3"
  integrity sha512-ZP36TMrK9euEuWQYBig9W55WPC7uo37qzAEmbjHz4gfyuXrEUgF8cUvQVO+w+d3OMfPvSRQJ22lSm8MQJ43LTA==
  dependencies:
    should-type "^1.4.0"

should-format@^3.0.3:
  version "3.0.3"
  resolved "https://registry.yarnpkg.com/should-format/-/should-format-3.0.3.tgz#9bfc8f74fa39205c53d38c34d717303e277124f1"
  integrity sha1-m/yPdPo5IFxT04w01xcwPidxJPE=
  dependencies:
    should-type "^1.3.0"
    should-type-adaptors "^1.0.1"

should-type-adaptors@^1.0.1:
  version "1.1.0"
  resolved "https://registry.yarnpkg.com/should-type-adaptors/-/should-type-adaptors-1.1.0.tgz#401e7f33b5533033944d5cd8bf2b65027792e27a"
  integrity sha512-JA4hdoLnN+kebEp2Vs8eBe9g7uy0zbRo+RMcU0EsNy+R+k049Ki+N5tT5Jagst2g7EAja+euFuoXFCa8vIklfA==
  dependencies:
    should-type "^1.3.0"
    should-util "^1.0.0"

should-type@^1.3.0, should-type@^1.4.0:
  version "1.4.0"
  resolved "https://registry.yarnpkg.com/should-type/-/should-type-1.4.0.tgz#0756d8ce846dfd09843a6947719dfa0d4cff5cf3"
  integrity sha1-B1bYzoRt/QmEOmlHcZ36DUz/XPM=

should-util@^1.0.0:
  version "1.0.1"
  resolved "https://registry.yarnpkg.com/should-util/-/should-util-1.0.1.tgz#fb0d71338f532a3a149213639e2d32cbea8bcb28"
  integrity sha512-oXF8tfxx5cDk8r2kYqlkUJzZpDBqVY/II2WhvU0n9Y3XYvAYRmeaf1PvvIvTgPnv4KJ+ES5M0PyDq5Jp+Ygy2g==

sprintf-js@~1.0.2:
  version "1.0.3"
  resolved "https://registry.yarnpkg.com/sprintf-js/-/sprintf-js-1.0.3.tgz#04e6926f662895354f3dd015203633b857297e2c"
  integrity sha1-BOaSb2YolTVPPdAVIDYzuFcpfiw=

uc.micro@^1.0.1, uc.micro@^1.0.5:
  version "1.0.6"
  resolved "https://registry.yarnpkg.com/uc.micro/-/uc.micro-1.0.6.tgz#9c411a802a409a91fc6cf74081baba34b24499ac"
  integrity sha512-8Y75pvTYkLJW2hWQHXxoqRgV7qb9B+9vFEtidML+7koHUFapnVJAZ6cKs+Qjz5Aw3aZWHMC6u0wJE3At+nSGwA==
